// !$*UTF8*$!
{
	archiveVersion = 1;
	classes = {
	};
	objectVersion = 42;
	objects = {

/* Begin PBXAggregateTarget section */
		53DF6901067E5B8E0090B5B0 /* All */ = {
			isa = PBXAggregateTarget;
			buildConfigurationList = C056398708A954F8003078D8 /* Build configuration list for PBXAggregateTarget "All" */;
			buildPhases = (
			);
			dependencies = (
				53DF6903067E5B930090B5B0 /* PBXTargetDependency */,
				53DF6905067E5B930090B5B0 /* PBXTargetDependency */,
			);
			name = All;
			productName = All;
		};
/* End PBXAggregateTarget section */

/* Begin PBXBuildFile section */
		13F8B89007B43554008AE28D /* Cocoa.framework in Frameworks */ = {isa = PBXBuildFile; fileRef = DD92D38A0106425D02CA0E72 /* Cocoa.framework */; };
		4C959DEE0DE974D200980C3C /* KTView.classdescription in Resources */ = {isa = PBXBuildFile; fileRef = 4CC1F4060DE940160035CE00 /* KTView.classdescription */; };
		4C9C5D980DE9F47000AE6913 /* KTLayoutManager.h in Headers */ = {isa = PBXBuildFile; fileRef = 4C9C5D870DE9F41800AE6913 /* KTLayoutManager.h */; settings = {ATTRIBUTES = (Public, ); }; };
		4C9C5D990DE9F47000AE6913 /* KTView.h in Headers */ = {isa = PBXBuildFile; fileRef = 4C9C5D890DE9F41800AE6913 /* KTView.h */; settings = {ATTRIBUTES = (Public, ); }; };
		4C9C5D9A0DE9F47F00AE6913 /* KTViewLayout.h in Headers */ = {isa = PBXBuildFile; fileRef = 4C9C5D8B0DE9F41800AE6913 /* KTViewLayout.h */; settings = {ATTRIBUTES = (Public, ); }; };
		4C9C5D9B0DE9F47F00AE6913 /* KTViewProtocol.h in Headers */ = {isa = PBXBuildFile; fileRef = 4C9C5D8C0DE9F41800AE6913 /* KTViewProtocol.h */; settings = {ATTRIBUTES = (Public, ); }; };
		4C9C5D9C0DE9F48A00AE6913 /* XSViewController.h in Headers */ = {isa = PBXBuildFile; fileRef = 4C9C5D8E0DE9F43400AE6913 /* XSViewController.h */; settings = {ATTRIBUTES = (Public, ); }; };
		4C9C5D9D0DE9F48A00AE6913 /* XSWindowController.h in Headers */ = {isa = PBXBuildFile; fileRef = 4C9C5D900DE9F43400AE6913 /* XSWindowController.h */; settings = {ATTRIBUTES = (Public, ); }; };
		4C9C5D9E0DE9F49E00AE6913 /* XSViewController.m in Sources */ = {isa = PBXBuildFile; fileRef = 4C9C5D8F0DE9F43400AE6913 /* XSViewController.m */; };
		4C9C5D9F0DE9F49E00AE6913 /* XSWindowController.m in Sources */ = {isa = PBXBuildFile; fileRef = 4C9C5D910DE9F43400AE6913 /* XSWindowController.m */; };
		4C9C5DA00DE9F49E00AE6913 /* KTLayoutManager.m in Sources */ = {isa = PBXBuildFile; fileRef = 4C9C5D880DE9F41800AE6913 /* KTLayoutManager.m */; };
		4C9C5DA10DE9F49E00AE6913 /* KTView.m in Sources */ = {isa = PBXBuildFile; fileRef = 4C9C5D8A0DE9F41800AE6913 /* KTView.m */; };
		4C9C5DD00DE9F5EE00AE6913 /* XSViewController.classdescription in Resources */ = {isa = PBXBuildFile; fileRef = 4C9C5DCF0DE9F5D300AE6913 /* XSViewController.classdescription */; };
		4C9C5DDC0DE9F69300AE6913 /* XSWindowController.classdescription in Resources */ = {isa = PBXBuildFile; fileRef = 4C9C5DDA0DE9F66E00AE6913 /* XSWindowController.classdescription */; };
		4C9C5E260DE9FAB100AE6913 /* KTUIKit.h in Headers */ = {isa = PBXBuildFile; fileRef = 4C9C5E120DE9FA4400AE6913 /* KTUIKit.h */; settings = {ATTRIBUTES = (Public, ); }; };
		4CC1F40E0DE940F70035CE00 /* KTViewIntegration.m in Sources */ = {isa = PBXBuildFile; fileRef = 4CC1F40D0DE940F70035CE00 /* KTViewIntegration.m */; };
		4CC1F41D0DE9418F0035CE00 /* KTViewInspector.m in Sources */ = {isa = PBXBuildFile; fileRef = 4CC1F41C0DE9418F0035CE00 /* KTViewInspector.m */; };
		4CC1F41F0DE941AC0035CE00 /* KTViewInspector.nib in Resources */ = {isa = PBXBuildFile; fileRef = 4CC1F41E0DE941AC0035CE00 /* KTViewInspector.nib */; };
		546DEAF3067F632A0098DCC4 /* KTUIKitFramework.framework in Frameworks */ = {isa = PBXBuildFile; fileRef = 53DF68FD067E5B5A0090B5B0 /* KTUIKitFramework.framework */; };
		8D1AC9700486D14A00FE50C9 /* Cocoa.framework in Frameworks */ = {isa = PBXBuildFile; fileRef = DD92D38A0106425D02CA0E72 /* Cocoa.framework */; };
		8D1AC9800486D23B00FE50C9 /* InfoPlist.strings in Resources */ = {isa = PBXBuildFile; fileRef = 8D1AC97F0486D23B00FE50C9 /* InfoPlist.strings */; };
		C08787290A49DE9A00E9B151 /* KTUIKit.m in Sources */ = {isa = PBXBuildFile; fileRef = 0259C576FE90428111CA0C5A /* KTUIKit.m */; };
		C0D069560A49DF9100C95564 /* InterfaceBuilderKit.framework in Frameworks */ = {isa = PBXBuildFile; fileRef = C0D069550A49DF9100C95564 /* InterfaceBuilderKit.framework */; };
		D1AEDE470A6C289C0010C343 /* KTUIKitLibrary.nib in Resources */ = {isa = PBXBuildFile; fileRef = D1AEDE460A6C289C0010C343 /* KTUIKitLibrary.nib */; };
/* End PBXBuildFile section */

/* Begin PBXContainerItemProxy section */
		53DF6902067E5B930090B5B0 /* PBXContainerItemProxy */ = {
			isa = PBXContainerItemProxy;
			containerPortal = 0259C573FE90428111CA0C5A /* Project object */;
			proxyType = 1;
			remoteGlobalIDString = 8D1AC9600486D14A00FE50C9;
			remoteInfo = KTUIKit;
		};
		53DF6904067E5B930090B5B0 /* PBXContainerItemProxy */ = {
			isa = PBXContainerItemProxy;
			containerPortal = 0259C573FE90428111CA0C5A /* Project object */;
			proxyType = 1;
			remoteGlobalIDString = 53DF68FC067E5B5A0090B5B0;
			remoteInfo = KTUIKitFramework;
		};
		546DEAEF067F62F70098DCC4 /* PBXContainerItemProxy */ = {
			isa = PBXContainerItemProxy;
			containerPortal = 0259C573FE90428111CA0C5A /* Project object */;
			proxyType = 1;
			remoteGlobalIDString = 53DF68FC067E5B5A0090B5B0;
			remoteInfo = KTUIKitFramework;
		};
/* End PBXContainerItemProxy section */

/* Begin PBXFileReference section */
		0259C576FE90428111CA0C5A /* KTUIKit.m */ = {isa = PBXFileReference; fileEncoding = 30; lastKnownFileType = sourcecode.c.objc; name = KTUIKit.m; path = Plugin/KTUIKit.m; sourceTree = "<group>"; };
		0259C57AFE90428111CA0C5A /* KTUIKit.h */ = {isa = PBXFileReference; fileEncoding = 30; lastKnownFileType = sourcecode.c.h; name = KTUIKit.h; path = Plugin/KTUIKit.h; sourceTree = "<group>"; };
		13F8B88807B434F6008AE28D /* AppKit.framework */ = {isa = PBXFileReference; lastKnownFileType = wrapper.framework; name = AppKit.framework; path = /System/Library/Frameworks/AppKit.framework; sourceTree = "<absolute>"; };
		13F8B88907B434F6008AE28D /* CoreData.framework */ = {isa = PBXFileReference; lastKnownFileType = wrapper.framework; name = CoreData.framework; path = /System/Library/Frameworks/CoreData.framework; sourceTree = "<absolute>"; };
		13F8B88A07B434F6008AE28D /* Foundation.framework */ = {isa = PBXFileReference; lastKnownFileType = wrapper.framework; name = Foundation.framework; path = /System/Library/Frameworks/Foundation.framework; sourceTree = "<absolute>"; };
		4C9C5D870DE9F41800AE6913 /* KTLayoutManager.h */ = {isa = PBXFileReference; fileEncoding = 4; lastKnownFileType = sourcecode.c.h; path = KTLayoutManager.h; sourceTree = "<group>"; };
		4C9C5D880DE9F41800AE6913 /* KTLayoutManager.m */ = {isa = PBXFileReference; fileEncoding = 4; lastKnownFileType = sourcecode.c.objc; path = KTLayoutManager.m; sourceTree = "<group>"; };
		4C9C5D890DE9F41800AE6913 /* KTView.h */ = {isa = PBXFileReference; fileEncoding = 4; lastKnownFileType = sourcecode.c.h; path = KTView.h; sourceTree = "<group>"; };
		4C9C5D8A0DE9F41800AE6913 /* KTView.m */ = {isa = PBXFileReference; fileEncoding = 4; lastKnownFileType = sourcecode.c.objc; path = KTView.m; sourceTree = "<group>"; };
		4C9C5D8B0DE9F41800AE6913 /* KTViewLayout.h */ = {isa = PBXFileReference; fileEncoding = 4; lastKnownFileType = sourcecode.c.h; path = KTViewLayout.h; sourceTree = "<group>"; };
		4C9C5D8C0DE9F41800AE6913 /* KTViewProtocol.h */ = {isa = PBXFileReference; fileEncoding = 4; lastKnownFileType = sourcecode.c.h; path = KTViewProtocol.h; sourceTree = "<group>"; };
		4C9C5D8E0DE9F43400AE6913 /* XSViewController.h */ = {isa = PBXFileReference; fileEncoding = 4; lastKnownFileType = sourcecode.c.h; path = XSViewController.h; sourceTree = "<group>"; };
		4C9C5D8F0DE9F43400AE6913 /* XSViewController.m */ = {isa = PBXFileReference; fileEncoding = 4; lastKnownFileType = sourcecode.c.objc; path = XSViewController.m; sourceTree = "<group>"; };
		4C9C5D900DE9F43400AE6913 /* XSWindowController.h */ = {isa = PBXFileReference; fileEncoding = 4; lastKnownFileType = sourcecode.c.h; path = XSWindowController.h; sourceTree = "<group>"; };
		4C9C5D910DE9F43400AE6913 /* XSWindowController.m */ = {isa = PBXFileReference; fileEncoding = 4; lastKnownFileType = sourcecode.c.objc; path = XSWindowController.m; sourceTree = "<group>"; };
		4C9C5DCF0DE9F5D300AE6913 /* XSViewController.classdescription */ = {isa = PBXFileReference; fileEncoding = 4; lastKnownFileType = text; path = XSViewController.classdescription; sourceTree = "<group>"; };
		4C9C5DDA0DE9F66E00AE6913 /* XSWindowController.classdescription */ = {isa = PBXFileReference; fileEncoding = 4; lastKnownFileType = text; path = XSWindowController.classdescription; sourceTree = "<group>"; };
		4C9C5E120DE9FA4400AE6913 /* KTUIKit.h */ = {isa = PBXFileReference; fileEncoding = 4; lastKnownFileType = sourcecode.c.h; name = KTUIKit.h; path = ../KTUIKit.h; sourceTree = "<group>"; };
		4CC1F4060DE940160035CE00 /* KTView.classdescription */ = {isa = PBXFileReference; fileEncoding = 4; lastKnownFileType = text; name = KTView.classdescription; path = "Plugin/Class Descriptions/KTView.classdescription"; sourceTree = "<group>"; };
		4CC1F40D0DE940F70035CE00 /* KTViewIntegration.m */ = {isa = PBXFileReference; fileEncoding = 4; lastKnownFileType = sourcecode.c.objc; path = KTViewIntegration.m; sourceTree = "<group>"; };
		4CC1F41B0DE9418F0035CE00 /* KTViewInspector.h */ = {isa = PBXFileReference; fileEncoding = 4; lastKnownFileType = sourcecode.c.h; path = KTViewInspector.h; sourceTree = "<group>"; };
		4CC1F41C0DE9418F0035CE00 /* KTViewInspector.m */ = {isa = PBXFileReference; fileEncoding = 4; lastKnownFileType = sourcecode.c.objc; path = KTViewInspector.m; sourceTree = "<group>"; };
		4CC1F41E0DE941AC0035CE00 /* KTViewInspector.nib */ = {isa = PBXFileReference; lastKnownFileType = wrapper.nib; name = KTViewInspector.nib; path = English.lproj/KTViewInspector.nib; sourceTree = "<group>"; };
		53DF68FD067E5B5A0090B5B0 /* KTUIKitFramework.framework */ = {isa = PBXFileReference; explicitFileType = wrapper.framework; includeInIndex = 0; path = KTUIKitFramework.framework; sourceTree = BUILT_PRODUCTS_DIR; };
		53DF68FE067E5B5A0090B5B0 /* KTUIKitFramework-Info.plist */ = {isa = PBXFileReference; lastKnownFileType = text.plist.xml; path = "KTUIKitFramework-Info.plist"; sourceTree = "<group>"; };
		8D1AC9730486D14A00FE50C9 /* Info.plist */ = {isa = PBXFileReference; fileEncoding = 4; lastKnownFileType = text.plist; path = Info.plist; sourceTree = "<group>"; };
		8D1AC9740486D14A00FE50C9 /* KTUIKit.ibplugin */ = {isa = PBXFileReference; explicitFileType = wrapper.cfbundle; includeInIndex = 0; path = KTUIKit.ibplugin; sourceTree = BUILT_PRODUCTS_DIR; };
		8D1AC97B0486D23100FE50C9 /* English */ = {isa = PBXFileReference; fileEncoding = 10; lastKnownFileType = text.plist.strings; name = English; path = English.lproj/InfoPlist.strings; sourceTree = "<group>"; };
		C0D069550A49DF9100C95564 /* InterfaceBuilderKit.framework */ = {isa = PBXFileReference; lastKnownFileType = wrapper.framework; name = InterfaceBuilderKit.framework; path = /Developer/Library/Frameworks/InterfaceBuilderKit.framework; sourceTree = "<absolute>"; };
		D1AEDE460A6C289C0010C343 /* KTUIKitLibrary.nib */ = {isa = PBXFileReference; lastKnownFileType = wrapper.nib; name = KTUIKitLibrary.nib; path = English.lproj/KTUIKitLibrary.nib; sourceTree = "<group>"; };
		DD92D38A0106425D02CA0E72 /* Cocoa.framework */ = {isa = PBXFileReference; lastKnownFileType = wrapper.framework; name = Cocoa.framework; path = /System/Library/Frameworks/Cocoa.framework; sourceTree = "<absolute>"; };
/* End PBXFileReference section */

/* Begin PBXFrameworksBuildPhase section */
		53DF68FB067E5B5A0090B5B0 /* Frameworks */ = {
			isa = PBXFrameworksBuildPhase;
			buildActionMask = 2147483647;
			files = (
				13F8B89007B43554008AE28D /* Cocoa.framework in Frameworks */,
			);
			runOnlyForDeploymentPostprocessing = 0;
		};
		8D1AC96E0486D14A00FE50C9 /* Frameworks */ = {
			isa = PBXFrameworksBuildPhase;
			buildActionMask = 2147483647;
			files = (
				8D1AC9700486D14A00FE50C9 /* Cocoa.framework in Frameworks */,
				546DEAF3067F632A0098DCC4 /* KTUIKitFramework.framework in Frameworks */,
				C0D069560A49DF9100C95564 /* InterfaceBuilderKit.framework in Frameworks */,
			);
			runOnlyForDeploymentPostprocessing = 0;
		};
/* End PBXFrameworksBuildPhase section */

/* Begin PBXGroup section */
		0259C574FE90428111CA0C5A /* KTUIKit */ = {
			isa = PBXGroup;
			children = (
				32DBCF9E0370C38000C91783 /* Plugin */,
				54D33B2C06778E4400C9C163 /* Framework */,
				0259C582FE90428111CA0C5A /* Resources */,
				1ED78706FE9D4A0611CA0C5A /* Products */,
				2E58F364FFB232C311CA0CBA /* Frameworks */,
			);
			name = KTUIKit;
			sourceTree = "<group>";
		};
		0259C582FE90428111CA0C5A /* Resources */ = {
			isa = PBXGroup;
			children = (
				D1AEDE460A6C289C0010C343 /* KTUIKitLibrary.nib */,
				4CC1F41E0DE941AC0035CE00 /* KTViewInspector.nib */,
				8D1AC9730486D14A00FE50C9 /* Info.plist */,
				53DF68FE067E5B5A0090B5B0 /* KTUIKitFramework-Info.plist */,
				8D1AC97F0486D23B00FE50C9 /* InfoPlist.strings */,
			);
			name = Resources;
			sourceTree = "<group>";
		};
		13F8B6FD07B43410008AE28D /* Linked Frameworks */ = {
			isa = PBXGroup;
			children = (
				DD92D38A0106425D02CA0E72 /* Cocoa.framework */,
				C0D069550A49DF9100C95564 /* InterfaceBuilderKit.framework */,
			);
			name = "Linked Frameworks";
			sourceTree = "<group>";
		};
		13F8B70407B43425008AE28D /* Other Frameworks */ = {
			isa = PBXGroup;
			children = (
				13F8B88807B434F6008AE28D /* AppKit.framework */,
				13F8B88907B434F6008AE28D /* CoreData.framework */,
				13F8B88A07B434F6008AE28D /* Foundation.framework */,
			);
			name = "Other Frameworks";
			sourceTree = "<group>";
		};
		1ED78706FE9D4A0611CA0C5A /* Products */ = {
			isa = PBXGroup;
			children = (
				8D1AC9740486D14A00FE50C9 /* KTUIKit.ibplugin */,
				53DF68FD067E5B5A0090B5B0 /* KTUIKitFramework.framework */,
			);
			name = Products;
			sourceTree = "<group>";
		};
		2E58F364FFB232C311CA0CBA /* Frameworks */ = {
			isa = PBXGroup;
			children = (
				13F8B6FD07B43410008AE28D /* Linked Frameworks */,
				13F8B70407B43425008AE28D /* Other Frameworks */,
			);
			name = Frameworks;
			sourceTree = "<group>";
		};
		32DBCF9E0370C38000C91783 /* Plugin */ = {
			isa = PBXGroup;
			children = (
				54D33B2406778DD400C9C163 /* Class Descriptions */,
				0259C57AFE90428111CA0C5A /* KTUIKit.h */,
				0259C576FE90428111CA0C5A /* KTUIKit.m */,
				32DBCF9F0370C38200C91783 /* Inspectors */,
				4CA959210DE9786400C79F0E /* Integration */,
			);
			name = Plugin;
			sourceTree = "<group>";
		};
		32DBCF9F0370C38200C91783 /* Inspectors */ = {
			isa = PBXGroup;
			children = (
				4CC1F41B0DE9418F0035CE00 /* KTViewInspector.h */,
				4CC1F41C0DE9418F0035CE00 /* KTViewInspector.m */,
			);
			name = Inspectors;
			path = Plugin/Inspectors;
			sourceTree = "<group>";
		};
		4C9C5D860DE9F41800AE6913 /* Views */ = {
			isa = PBXGroup;
			children = (
				4C9C5D890DE9F41800AE6913 /* KTView.h */,
				4C9C5D8A0DE9F41800AE6913 /* KTView.m */,
				4C9C5D870DE9F41800AE6913 /* KTLayoutManager.h */,
				4C9C5D880DE9F41800AE6913 /* KTLayoutManager.m */,
				4C9C5D8B0DE9F41800AE6913 /* KTViewLayout.h */,
				4C9C5D8C0DE9F41800AE6913 /* KTViewProtocol.h */,
			);
			path = Views;
			sourceTree = "<group>";
		};
		4C9C5D8D0DE9F43400AE6913 /* Controllers */ = {
			isa = PBXGroup;
			children = (
				4C9C5D8E0DE9F43400AE6913 /* XSViewController.h */,
				4C9C5D8F0DE9F43400AE6913 /* XSViewController.m */,
				4C9C5D900DE9F43400AE6913 /* XSWindowController.h */,
				4C9C5D910DE9F43400AE6913 /* XSWindowController.m */,
			);
			path = Controllers;
			sourceTree = "<group>";
		};
		4CA959210DE9786400C79F0E /* Integration */ = {
			isa = PBXGroup;
			children = (
				4CC1F40D0DE940F70035CE00 /* KTViewIntegration.m */,
			);
			name = Integration;
			path = Plugin/Integration;
			sourceTree = "<group>";
		};
		54D33B2406778DD400C9C163 /* Class Descriptions */ = {
			isa = PBXGroup;
			children = (
				4CC1F4060DE940160035CE00 /* KTView.classdescription */,
				4C9C5DCF0DE9F5D300AE6913 /* XSViewController.classdescription */,
				4C9C5DDA0DE9F66E00AE6913 /* XSWindowController.classdescription */,
			);
			name = "Class Descriptions";
			sourceTree = "<group>";
		};
		54D33B2C06778E4400C9C163 /* Framework */ = {
			isa = PBXGroup;
			children = (
				4C9C5E120DE9FA4400AE6913 /* KTUIKit.h */,
				4C9C5D8D0DE9F43400AE6913 /* Controllers */,
				4C9C5D860DE9F41800AE6913 /* Views */,
			);
			path = Framework;
			sourceTree = "<group>";
		};
/* End PBXGroup section */

/* Begin PBXHeadersBuildPhase section */
		53DF68F8067E5B5A0090B5B0 /* Headers */ = {
			isa = PBXHeadersBuildPhase;
			buildActionMask = 2147483647;
			files = (
				4C9C5D980DE9F47000AE6913 /* KTLayoutManager.h in Headers */,
				4C9C5D990DE9F47000AE6913 /* KTView.h in Headers */,
				4C9C5D9A0DE9F47F00AE6913 /* KTViewLayout.h in Headers */,
				4C9C5D9B0DE9F47F00AE6913 /* KTViewProtocol.h in Headers */,
				4C9C5D9C0DE9F48A00AE6913 /* XSViewController.h in Headers */,
				4C9C5D9D0DE9F48A00AE6913 /* XSWindowController.h in Headers */,
				4C9C5E260DE9FAB100AE6913 /* KTUIKit.h in Headers */,
			);
			runOnlyForDeploymentPostprocessing = 0;
		};
/* End PBXHeadersBuildPhase section */

/* Begin PBXNativeTarget section */
		53DF68FC067E5B5A0090B5B0 /* KTUIKitFramework */ = {
			isa = PBXNativeTarget;
			buildConfigurationList = C056397F08A954F8003078D8 /* Build configuration list for PBXNativeTarget "KTUIKitFramework" */;
			buildPhases = (
				53DF68F8067E5B5A0090B5B0 /* Headers */,
				53DF68F9067E5B5A0090B5B0 /* Resources */,
				53DF68FA067E5B5A0090B5B0 /* Sources */,
				53DF68FB067E5B5A0090B5B0 /* Frameworks */,
			);
			buildRules = (
			);
			dependencies = (
			);
			name = KTUIKitFramework;
			productName = KTUIKitFramework;
			productReference = 53DF68FD067E5B5A0090B5B0 /* KTUIKitFramework.framework */;
			productType = "com.apple.product-type.framework";
		};
		8D1AC9600486D14A00FE50C9 /* KTUIKit */ = {
			isa = PBXNativeTarget;
			buildConfigurationList = C056398308A954F8003078D8 /* Build configuration list for PBXNativeTarget "KTUIKit" */;
			buildPhases = (
				8D1AC9660486D14A00FE50C9 /* Resources */,
				8D1AC96A0486D14A00FE50C9 /* Sources */,
				8D1AC96E0486D14A00FE50C9 /* Frameworks */,
			);
			buildRules = (
			);
			dependencies = (
				546DEAF0067F62F70098DCC4 /* PBXTargetDependency */,
			);
			name = KTUIKit;
			productInstallPath = "$(HOME)/Developer/Palettes";
			productName = KTUIKit;
			productReference = 8D1AC9740486D14A00FE50C9 /* KTUIKit.ibplugin */;
			productType = "com.apple.product-type.bundle";
		};
/* End PBXNativeTarget section */

/* Begin PBXProject section */
		0259C573FE90428111CA0C5A /* Project object */ = {
			isa = PBXProject;
			buildConfigurationList = C056398B08A954F8003078D8 /* Build configuration list for PBXProject "KTUIKit" */;
			compatibilityVersion = "Xcode 2.4";
			hasScannedForEncodings = 1;
			mainGroup = 0259C574FE90428111CA0C5A /* KTUIKit */;
			projectDirPath = "";
			projectRoot = "";
			targets = (
				53DF6901067E5B8E0090B5B0 /* All */,
				8D1AC9600486D14A00FE50C9 /* KTUIKit */,
				53DF68FC067E5B5A0090B5B0 /* KTUIKitFramework */,
			);
		};
/* End PBXProject section */

/* Begin PBXResourcesBuildPhase section */
		53DF68F9067E5B5A0090B5B0 /* Resources */ = {
			isa = PBXResourcesBuildPhase;
			buildActionMask = 2147483647;
			files = (
			);
			runOnlyForDeploymentPostprocessing = 0;
		};
		8D1AC9660486D14A00FE50C9 /* Resources */ = {
			isa = PBXResourcesBuildPhase;
			buildActionMask = 2147483647;
			files = (
				4C9C5DDC0DE9F69300AE6913 /* XSWindowController.classdescription in Resources */,
				4C9C5DD00DE9F5EE00AE6913 /* XSViewController.classdescription in Resources */,
				4C959DEE0DE974D200980C3C /* KTView.classdescription in Resources */,
				8D1AC9800486D23B00FE50C9 /* InfoPlist.strings in Resources */,
				D1AEDE470A6C289C0010C343 /* KTUIKitLibrary.nib in Resources */,
				4CC1F41F0DE941AC0035CE00 /* KTViewInspector.nib in Resources */,
			);
			runOnlyForDeploymentPostprocessing = 0;
		};
/* End PBXResourcesBuildPhase section */

/* Begin PBXSourcesBuildPhase section */
		53DF68FA067E5B5A0090B5B0 /* Sources */ = {
			isa = PBXSourcesBuildPhase;
			buildActionMask = 2147483647;
			files = (
				4C9C5D9E0DE9F49E00AE6913 /* XSViewController.m in Sources */,
				4C9C5D9F0DE9F49E00AE6913 /* XSWindowController.m in Sources */,
				4C9C5DA00DE9F49E00AE6913 /* KTLayoutManager.m in Sources */,
				4C9C5DA10DE9F49E00AE6913 /* KTView.m in Sources */,
			);
			runOnlyForDeploymentPostprocessing = 0;
		};
		8D1AC96A0486D14A00FE50C9 /* Sources */ = {
			isa = PBXSourcesBuildPhase;
			buildActionMask = 2147483647;
			files = (
				C08787290A49DE9A00E9B151 /* KTUIKit.m in Sources */,
				4CC1F40E0DE940F70035CE00 /* KTViewIntegration.m in Sources */,
				4CC1F41D0DE9418F0035CE00 /* KTViewInspector.m in Sources */,
			);
			runOnlyForDeploymentPostprocessing = 0;
		};
/* End PBXSourcesBuildPhase section */

/* Begin PBXTargetDependency section */
		53DF6903067E5B930090B5B0 /* PBXTargetDependency */ = {
			isa = PBXTargetDependency;
			target = 8D1AC9600486D14A00FE50C9 /* KTUIKit */;
			targetProxy = 53DF6902067E5B930090B5B0 /* PBXContainerItemProxy */;
		};
		53DF6905067E5B930090B5B0 /* PBXTargetDependency */ = {
			isa = PBXTargetDependency;
			target = 53DF68FC067E5B5A0090B5B0 /* KTUIKitFramework */;
			targetProxy = 53DF6904067E5B930090B5B0 /* PBXContainerItemProxy */;
		};
		546DEAF0067F62F70098DCC4 /* PBXTargetDependency */ = {
			isa = PBXTargetDependency;
			target = 53DF68FC067E5B5A0090B5B0 /* KTUIKitFramework */;
			targetProxy = 546DEAEF067F62F70098DCC4 /* PBXContainerItemProxy */;
		};
/* End PBXTargetDependency section */

/* Begin PBXVariantGroup section */
		8D1AC97F0486D23B00FE50C9 /* InfoPlist.strings */ = {
			isa = PBXVariantGroup;
			children = (
				8D1AC97B0486D23100FE50C9 /* English */,
			);
			name = InfoPlist.strings;
			sourceTree = "<group>";
		};
/* End PBXVariantGroup section */

/* Begin XCBuildConfiguration section */
		C056398008A954F8003078D8 /* Debug */ = {
			isa = XCBuildConfiguration;
			buildSettings = {
				COPY_PHASE_STRIP = NO;
				DEPLOYMENT_LOCATION = YES;
				DSTROOT = /;
				DYLIB_COMPATIBILITY_VERSION = 1;
				DYLIB_CURRENT_VERSION = 1;
				FRAMEWORK_VERSION = A;
				GCC_DYNAMIC_NO_PIC = NO;
				GCC_ENABLE_FIX_AND_CONTINUE = YES;
				GCC_MODEL_TUNING = G5;
				GCC_OPTIMIZATION_LEVEL = 0;
				GCC_PRECOMPILE_PREFIX_HEADER = YES;
				GCC_PREFIX_HEADER = "$(SYSTEM_LIBRARY_DIR)/Frameworks/AppKit.framework/Headers/AppKit.h";
				INFOPLIST_FILE = "KTUIKitFramework-Info.plist";
				INSTALL_PATH = "@executable_path/../Frameworks";
				PRODUCT_NAME = KTUIKitFramework;
				SKIP_INSTALL = YES;
			};
			name = Debug;
		};
		C056398108A954F8003078D8 /* Release */ = {
			isa = XCBuildConfiguration;
			buildSettings = {
				COPY_PHASE_STRIP = YES;
				DEBUG_INFORMATION_FORMAT = "dwarf-with-dsym";
				DEPLOYMENT_LOCATION = YES;
				DSTROOT = /;
				DYLIB_COMPATIBILITY_VERSION = 1;
				DYLIB_CURRENT_VERSION = 1;
				FRAMEWORK_VERSION = A;
				GCC_MODEL_TUNING = G5;
				GCC_PRECOMPILE_PREFIX_HEADER = YES;
				GCC_PREFIX_HEADER = "$(SYSTEM_LIBRARY_DIR)/Frameworks/AppKit.framework/Headers/AppKit.h";
				INFOPLIST_FILE = "KTUIKitFramework-Info.plist";
				INSTALL_PATH = "@executable_path/../Frameworks";
				PRODUCT_NAME = KTUIKitFramework;
				SKIP_INSTALL = YES;
			};
			name = Release;
		};
		C056398408A954F8003078D8 /* Debug */ = {
			isa = XCBuildConfiguration;
			buildSettings = {
				CONFIGURATION_BUILD_DIR = "$(BUILD_DIR)/$(CONFIGURATION)/KTUIKitFramework.framework/Resources/";
				COPY_PHASE_STRIP = NO;
				FRAMEWORK_SEARCH_PATHS = (
					"$(FRAMEWORK_SEARCH_PATHS_QUOTED_FOR_TARGET_1)",
					$inherited,
					$FRAMEWORK_SEARCH_PATHS_QUOTED_2,
					$FRAMEWORK_SEARCH_PATHS_QUOTED_1,
				);
				FRAMEWORK_SEARCH_PATHS_QUOTED_1 = "\"$(HOME)/Library/Frameworks/\"";
				FRAMEWORK_SEARCH_PATHS_QUOTED_2 = "\"$(DEVELOPER_DIR)/Library/Frameworks\"";
				FRAMEWORK_SEARCH_PATHS_QUOTED_FOR_TARGET_1 = "\"$(BUILD_DIR)/$(CONFIGURATION)\"";
				GCC_DYNAMIC_NO_PIC = NO;
				GCC_ENABLE_FIX_AND_CONTINUE = YES;
				GCC_MODEL_TUNING = G5;
				GCC_OPTIMIZATION_LEVEL = 0;
				GCC_PRECOMPILE_PREFIX_HEADER = YES;
				GCC_PREFIX_HEADER = KTUIKit_Prefix.pch;
				INFOPLIST_FILE = Info.plist;
				PRODUCT_NAME = KTUIKit;
				SKIP_INSTALL = NO;
				WRAPPER_EXTENSION = ibplugin;
				ZERO_LINK = YES;
			};
			name = Debug;
		};
		C056398508A954F8003078D8 /* Release */ = {
			isa = XCBuildConfiguration;
			buildSettings = {
				CONFIGURATION_BUILD_DIR = "$(BUILD_DIR)/$(CONFIGURATION)/KTUIKitFramework.framework/Resources/";
				CONFIGURATION_TEMP_DIR = "$(PROJECT_TEMP_DIR)$(CONFIGURATION)";
				COPY_PHASE_STRIP = NO;
				DEBUG_INFORMATION_FORMAT = "dwarf-with-dsym";
				FRAMEWORK_SEARCH_PATHS = (
					"$(FRAMEWORK_SEARCH_PATHS_QUOTED_FOR_TARGET_1)",
					$inherited,
					$FRAMEWORK_SEARCH_PATHS_QUOTED_2,
					$FRAMEWORK_SEARCH_PATHS_QUOTED_1,
				);
				FRAMEWORK_SEARCH_PATHS_QUOTED_1 = "\"$(HOME)/Library/Frameworks/\"";
				FRAMEWORK_SEARCH_PATHS_QUOTED_2 = "\"$(DEVELOPER_DIR)/Library/Frameworks\"";
				FRAMEWORK_SEARCH_PATHS_QUOTED_FOR_TARGET_1 = "\"$(BUILD_DIR)/$(CONFIGURATION)\"";
				GCC_MODEL_TUNING = G5;
				GCC_PRECOMPILE_PREFIX_HEADER = YES;
				GCC_PREFIX_HEADER = Plugin/KTUIKit_Prefix.pch;
				INFOPLIST_FILE = Info.plist;
				PRODUCT_NAME = KTUIKit;
				SKIP_INSTALL = NO;
				WRAPPER_EXTENSION = ibplugin;
			};
			name = Release;
		};
		C056398808A954F8003078D8 /* Debug */ = {
			isa = XCBuildConfiguration;
			buildSettings = {
				COPY_PHASE_STRIP = NO;
				GCC_DYNAMIC_NO_PIC = NO;
				GCC_ENABLE_FIX_AND_CONTINUE = YES;
				GCC_MODEL_TUNING = G5;
				GCC_OPTIMIZATION_LEVEL = 0;
				PRODUCT_NAME = All;
				WARNING_CFLAGS = (
					"-Wmost",
					"-Wno-four-char-constants",
					"-Wno-unknown-pragmas",
				);
				ZERO_LINK = YES;
			};
			name = Debug;
		};
		C056398908A954F8003078D8 /* Release */ = {
			isa = XCBuildConfiguration;
			buildSettings = {
				DEBUG_INFORMATION_FORMAT = "dwarf-with-dsym";
				GCC_MODEL_TUNING = G5;
				PRODUCT_NAME = All;
				WARNING_CFLAGS = (
					"-Wmost",
					"-Wno-four-char-constants",
					"-Wno-unknown-pragmas",
				);
			};
			name = Release;
		};
		C056398C08A954F8003078D8 /* Debug */ = {
			isa = XCBuildConfiguration;
			buildSettings = {
				GCC_MODEL_TUNING = "";
				GCC_WARN_ABOUT_RETURN_TYPE = YES;
				GCC_WARN_UNUSED_VARIABLE = YES;
				PREBINDING = NO;
				SDKROOT = /Developer/SDKs/MacOSX10.5.sdk;
			};
			name = Debug;
		};
		C056398D08A954F8003078D8 /* Release */ = {
			isa = XCBuildConfiguration;
			buildSettings = {
				ARCHS = (
					ppc,
					i386,
				);
				GCC_MODEL_TUNING = "";
				GCC_WARN_ABOUT_RETURN_TYPE = YES;
				GCC_WARN_UNUSED_VARIABLE = YES;
				PREBINDING = NO;
				SDKROOT = /Developer/SDKs/MacOSX10.5.sdk;
			};
			name = Release;
		};
/* End XCBuildConfiguration section */

/* Begin XCConfigurationList section */
		C056397F08A954F8003078D8 /* Build configuration list for PBXNativeTarget "KTUIKitFramework" */ = {
			isa = XCConfigurationList;
			buildConfigurations = (
				C056398008A954F8003078D8 /* Debug */,
				C056398108A954F8003078D8 /* Release */,
			);
			defaultConfigurationIsVisible = 0;
			defaultConfigurationName = Release;
		};
		C056398308A954F8003078D8 /* Build configuration list for PBXNativeTarget "KTUIKit" */ = {
			isa = XCConfigurationList;
			buildConfigurations = (
				C056398408A954F8003078D8 /* Debug */,
				C056398508A954F8003078D8 /* Release */,
			);
			defaultConfigurationIsVisible = 0;
			defaultConfigurationName = Release;
		};
		C056398708A954F8003078D8 /* Build configuration list for PBXAggregateTarget "All" */ = {
			isa = XCConfigurationList;
			buildConfigurations = (
				C056398808A954F8003078D8 /* Debug */,
				C056398908A954F8003078D8 /* Release */,
			);
			defaultConfigurationIsVisible = 0;
			defaultConfigurationName = Release;
		};
		C056398B08A954F8003078D8 /* Build configuration list for PBXProject "KTUIKit" */ = {
			isa = XCConfigurationList;
			buildConfigurations = (
				C056398C08A954F8003078D8 /* Debug */,
				C056398D08A954F8003078D8 /* Release */,
			);
			defaultConfigurationIsVisible = 0;
			defaultConfigurationName = Release;
		};
/* End XCConfigurationList section */
	};
	rootObject = 0259C573FE90428111CA0C5A /* Project object */;
}
